
Microsoft Visual Studio Solution File, Format Version 12.00
# Visual Studio Version 17
Project("{8BC9CEB8-8B4A-11D0-8D11-00A0C91BC942}") = "Engine", "build\Engine\Engine.vcxproj", "{DBC7D3B0-C769-FE86-B024-12DB9C6585D7}"
EndProject
Global
	GlobalSection(SolutionConfigurationPlatforms) = preSolution
		DebugEditor|Win32 = DebugEditor|Win32
		DebugEditor|Win64 = DebugEditor|Win64
		Debug|Win32 = Debug|Win32
		Debug|Win64 = Debug|Win64
		ReleaseEditor|Win32 = ReleaseEditor|Win32
		ReleaseEditor|Win64 = ReleaseEditor|Win64
		Release|Win32 = Release|Win32
		Release|Win64 = Release|Win64
	EndGlobalSection
	GlobalSection(ProjectConfigurationPlatforms) = postSolution
		{DBC7D3B0-C769-FE86-B024-12DB9C6585D7}.DebugEditor|Win32.ActiveCfg = DebugEditor|Win32
		{DBC7D3B0-C769-FE86-B024-12DB9C6585D7}.DebugEditor|Win32.Build.0 = DebugEditor|Win32
		{DBC7D3B0-C769-FE86-B024-12DB9C6585D7}.DebugEditor|Win64.ActiveCfg = DebugEditor Win64|x64
		{DBC7D3B0-C769-FE86-B024-12DB9C6585D7}.DebugEditor|Win64.Build.0 = DebugEditor Win64|x64
		{DBC7D3B0-C769-FE86-B024-12DB9C6585D7}.Debug|Win32.ActiveCfg = Debug|Win32
		{DBC7D3B0-C769-FE86-B024-12DB9C6585D7}.Debug|Win32.Build.0 = Debug|Win32
		{DBC7D3B0-C769-FE86-B024-12DB9C6585D7}.Debug|Win64.ActiveCfg = Debug Win64|x64
		{DBC7D3B0-C769-FE86-B024-12DB9C6585D7}.Debug|Win64.Build.0 = Debug Win64|x64
		{DBC7D3B0-C769-FE86-B024-12DB9C6585D7}.ReleaseEditor|Win32.ActiveCfg = ReleaseEditor|Win32
		{DBC7D3B0-C769-FE86-B024-12DB9C6585D7}.ReleaseEditor|Win32.Build.0 = ReleaseEditor|Win32
		{DBC7D3B0-C769-FE86-B024-12DB9C6585D7}.ReleaseEditor|Win64.ActiveCfg = ReleaseEditor Win64|x64
		{DBC7D3B0-C769-FE86-B024-12DB9C6585D7}.ReleaseEditor|Win64.Build.0 = ReleaseEditor Win64|x64
		{DBC7D3B0-C769-FE86-B024-12DB9C6585D7}.Release|Win32.ActiveCfg = Release|Win32
		{DBC7D3B0-C769-FE86-B024-12DB9C6585D7}.Release|Win32.Build.0 = Release|Win32
		{DBC7D3B0-C769-FE86-B024-12DB9C6585D7}.Release|Win64.ActiveCfg = Release Win64|x64
		{DBC7D3B0-C769-FE86-B024-12DB9C6585D7}.Release|Win64.Build.0 = Release Win64|x64
	EndGlobalSection
	GlobalSection(SolutionProperties) = preSolution
		HideSolutionNode = FALSE
	EndGlobalSection
EndGlobal
